
Microsoft Visual Studio Solution File, Format Version 12.00
# Visual Studio Version 16
VisualStudioVersion = 16.0.28721.148
MinimumVisualStudioVersion = 10.0.40219.1
Project("{FAE04EC0-301F-11D3-BF4B-00C04F79EFBC}") = "VocaDbWeb", "VocaDbWeb\VocaDbWeb.csproj", "{543CB31E-8641-44AA-95D4-DF0E06D41D02}"
EndProject
Project("{9A19103F-16F7-4668-BE54-9A1E7A4F7556}") = "VocaDb.Model", "VocaDbModel\VocaDb.Model.csproj", "{024D07DF-F669-46E9-9514-3AB8094F74AC}"
EndProject
Project("{9A19103F-16F7-4668-BE54-9A1E7A4F7556}") = "VocaDb.Tests", "Tests\VocaDb.Tests.csproj", "{BEB958BD-DA22-4597-B492-4F943328CBB0}"
EndProject
Project("{9A19103F-16F7-4668-BE54-9A1E7A4F7556}") = "VocaDb.UtaiteDb.Resources", "VocaDb.UtaiteDbResources\VocaDb.UtaiteDb.Resources.csproj", "{C5A20185-136F-45B0-81C4-84102D3F2A80}"
EndProject
Project("{9A19103F-16F7-4668-BE54-9A1E7A4F7556}") = "VocaDb.SiteMapGenerator", "VocaDb.SiteMapGenerator\VocaDb.SiteMapGenerator.csproj", "{AA29FF8E-8EC1-4EA7-BA82-C5210272EFD2}"
EndProject
Project("{2150E333-8FDC-42A3-9474-1A3956D46DE8}") = "Solution Items", "Solution Items", "{5AC41811-E9D4-40B2-8514-3825882A72E4}"
	ProjectSection(SolutionItems) = preProject
		.editorconfig = .editorconfig
		.gitattributes = .gitattributes
		.gitignore = .gitignore
		VocaDbWeb\appsettings.config = VocaDbWeb\appsettings.config
		README.md = README.md
		Docs\API\VocaDBTooltips.ts = Docs\API\VocaDBTooltips.ts
	EndProjectSection
EndProject
Project("{9A19103F-16F7-4668-BE54-9A1E7A4F7556}") = "VocaDb.Migrations", "VocaDb.Migrations\VocaDb.Migrations.csproj", "{69130140-2978-4843-84BF-348A71B44616}"
EndProject
Project("{9A19103F-16F7-4668-BE54-9A1E7A4F7556}") = "VocaDb.TouhouDb.Resources", "VocaDb.TouhouDb.Resources\VocaDb.TouhouDb.Resources.csproj", "{BF02D394-4900-4DFB-9348-C9A39762614A}"
EndProject
Project("{9A19103F-16F7-4668-BE54-9A1E7A4F7556}") = "VocaDbWeb.Resources", "VocaDbWeb.Resources\VocaDbWeb.Resources.csproj", "{A08B80F0-5124-4674-86DC-D128ECC7A885}"
EndProject
Project("{FAE04EC0-301F-11D3-BF4B-00C04F79EFBC}") = "VocaDbWeb.Core", "VocaDbWeb.Core\VocaDbWeb.Core.csproj", "{BFADA915-6E0F-4AD1-8ECF-AF16AD9858C0}"
EndProject
Global
	GlobalSection(SolutionConfigurationPlatforms) = preSolution
		Debug|Any CPU = Debug|Any CPU
		Release|Any CPU = Release|Any CPU
	EndGlobalSection
	GlobalSection(ProjectConfigurationPlatforms) = postSolution
		{543CB31E-8641-44AA-95D4-DF0E06D41D02}.Debug|Any CPU.ActiveCfg = Debug|Any CPU
		{543CB31E-8641-44AA-95D4-DF0E06D41D02}.Debug|Any CPU.Build.0 = Debug|Any CPU
		{543CB31E-8641-44AA-95D4-DF0E06D41D02}.Release|Any CPU.ActiveCfg = Release|Any CPU
		{543CB31E-8641-44AA-95D4-DF0E06D41D02}.Release|Any CPU.Build.0 = Release|Any CPU
		{024D07DF-F669-46E9-9514-3AB8094F74AC}.Debug|Any CPU.ActiveCfg = Debug|Any CPU
		{024D07DF-F669-46E9-9514-3AB8094F74AC}.Debug|Any CPU.Build.0 = Debug|Any CPU
		{024D07DF-F669-46E9-9514-3AB8094F74AC}.Release|Any CPU.ActiveCfg = Release|Any CPU
		{024D07DF-F669-46E9-9514-3AB8094F74AC}.Release|Any CPU.Build.0 = Release|Any CPU
		{BEB958BD-DA22-4597-B492-4F943328CBB0}.Debug|Any CPU.ActiveCfg = Debug|Any CPU
		{BEB958BD-DA22-4597-B492-4F943328CBB0}.Debug|Any CPU.Build.0 = Debug|Any CPU
		{BEB958BD-DA22-4597-B492-4F943328CBB0}.Release|Any CPU.ActiveCfg = Release|Any CPU
		{BEB958BD-DA22-4597-B492-4F943328CBB0}.Release|Any CPU.Build.0 = Release|Any CPU
		{C5A20185-136F-45B0-81C4-84102D3F2A80}.Debug|Any CPU.ActiveCfg = Debug|Any CPU
		{C5A20185-136F-45B0-81C4-84102D3F2A80}.Debug|Any CPU.Build.0 = Debug|Any CPU
		{C5A20185-136F-45B0-81C4-84102D3F2A80}.Release|Any CPU.ActiveCfg = Release|Any CPU
		{C5A20185-136F-45B0-81C4-84102D3F2A80}.Release|Any CPU.Build.0 = Release|Any CPU
		{AA29FF8E-8EC1-4EA7-BA82-C5210272EFD2}.Debug|Any CPU.ActiveCfg = Debug|Any CPU
		{AA29FF8E-8EC1-4EA7-BA82-C5210272EFD2}.Debug|Any CPU.Build.0 = Debug|Any CPU
		{AA29FF8E-8EC1-4EA7-BA82-C5210272EFD2}.Release|Any CPU.ActiveCfg = Release|Any CPU
		{AA29FF8E-8EC1-4EA7-BA82-C5210272EFD2}.Release|Any CPU.Build.0 = Release|Any CPU
		{69130140-2978-4843-84BF-348A71B44616}.Debug|Any CPU.ActiveCfg = Debug|Any CPU
		{69130140-2978-4843-84BF-348A71B44616}.Debug|Any CPU.Build.0 = Debug|Any CPU
		{69130140-2978-4843-84BF-348A71B44616}.Release|Any CPU.ActiveCfg = Release|Any CPU
		{69130140-2978-4843-84BF-348A71B44616}.Release|Any CPU.Build.0 = Release|Any CPU
		{BF02D394-4900-4DFB-9348-C9A39762614A}.Debug|Any CPU.ActiveCfg = Debug|Any CPU
		{BF02D394-4900-4DFB-9348-C9A39762614A}.Debug|Any CPU.Build.0 = Debug|Any CPU
		{BF02D394-4900-4DFB-9348-C9A39762614A}.Release|Any CPU.ActiveCfg = Release|Any CPU
		{BF02D394-4900-4DFB-9348-C9A39762614A}.Release|Any CPU.Build.0 = Release|Any CPU
		{BFADA915-6E0F-4AD1-8ECF-AF16AD9858C0}.Debug|Any CPU.ActiveCfg = Debug|Any CPU
		{BFADA915-6E0F-4AD1-8ECF-AF16AD9858C0}.Debug|Any CPU.Build.0 = Debug|Any CPU
		{BFADA915-6E0F-4AD1-8ECF-AF16AD9858C0}.Release|Any CPU.ActiveCfg = Release|Any CPU
		{BFADA915-6E0F-4AD1-8ECF-AF16AD9858C0}.Release|Any CPU.Build.0 = Release|Any CPU
		{A08B80F0-5124-4674-86DC-D128ECC7A885}.Debug|Any CPU.ActiveCfg = Debug|Any CPU
		{A08B80F0-5124-4674-86DC-D128ECC7A885}.Debug|Any CPU.Build.0 = Debug|Any CPU
		{A08B80F0-5124-4674-86DC-D128ECC7A885}.Release|Any CPU.ActiveCfg = Release|Any CPU
		{A08B80F0-5124-4674-86DC-D128ECC7A885}.Release|Any CPU.Build.0 = Release|Any CPU
	EndGlobalSection
	GlobalSection(SolutionProperties) = preSolution
		HideSolutionNode = FALSE
	EndGlobalSection
	GlobalSection(ExtensibilityGlobals) = postSolution
		SolutionGuid = {31FE2B2B-2989-43C7-A758-6FA09BDEE3E1}
	EndGlobalSection
EndGlobal
