
Microsoft Visual Studio Solution File, Format Version 12.00
# Visual Studio 2013
VisualStudioVersion = 12.0.31101.0
MinimumVisualStudioVersion = 10.0.40219.1
Project("{FAE04EC0-301F-11D3-BF4B-00C04F79EFBC}") = "VocaDbWeb", "VocaDbWeb\VocaDbWeb.csproj", "{543CB31E-8641-44AA-95D4-DF0E06D41D02}"
EndProject
Project("{FAE04EC0-301F-11D3-BF4B-00C04F79EFBC}") = "VocaDb.Model", "VocaDbModel\VocaDb.Model.csproj", "{024D07DF-F669-46E9-9514-3AB8094F74AC}"
EndProject
Project("{FAE04EC0-301F-11D3-BF4B-00C04F79EFBC}") = "VocaDb.Tests", "Tests\VocaDb.Tests.csproj", "{BEB958BD-DA22-4597-B492-4F943328CBB0}"
EndProject
Project("{FAE04EC0-301F-11D3-BF4B-00C04F79EFBC}") = "VocaDb.UtaiteDb.Resources", "VocaDb.UtaiteDbResources\VocaDb.UtaiteDb.Resources.csproj", "{C5A20185-136F-45B0-81C4-84102D3F2A80}"
EndProject
Project("{FAE04EC0-301F-11D3-BF4B-00C04F79EFBC}") = "VocaDb.SiteMapGenerator", "VocaDb.SiteMapGenerator\VocaDb.SiteMapGenerator.csproj", "{AA29FF8E-8EC1-4EA7-BA82-C5210272EFD2}"
EndProject
Project("{2150E333-8FDC-42A3-9474-1A3956D46DE8}") = "Solution Items", "Solution Items", "{5AC41811-E9D4-40B2-8514-3825882A72E4}"
	ProjectSection(SolutionItems) = preProject
		.gitignore = .gitignore
		README.md = README.md
	EndProjectSection
EndProject
Global
	GlobalSection(SolutionConfigurationPlatforms) = preSolution
		Debug|Any CPU = Debug|Any CPU
		Release|Any CPU = Release|Any CPU
	EndGlobalSection
	GlobalSection(ProjectConfigurationPlatforms) = postSolution
		{543CB31E-8641-44AA-95D4-DF0E06D41D02}.Debug|Any CPU.ActiveCfg = Debug|Any CPU
		{543CB31E-8641-44AA-95D4-DF0E06D41D02}.Debug|Any CPU.Build.0 = Debug|Any CPU
		{543CB31E-8641-44AA-95D4-DF0E06D41D02}.Release|Any CPU.ActiveCfg = Release|Any CPU
		{543CB31E-8641-44AA-95D4-DF0E06D41D02}.Release|Any CPU.Build.0 = Release|Any CPU
		{024D07DF-F669-46E9-9514-3AB8094F74AC}.Debug|Any CPU.ActiveCfg = Debug|Any CPU
		{024D07DF-F669-46E9-9514-3AB8094F74AC}.Debug|Any CPU.Build.0 = Debug|Any CPU
		{024D07DF-F669-46E9-9514-3AB8094F74AC}.Release|Any CPU.ActiveCfg = Release|Any CPU
		{024D07DF-F669-46E9-9514-3AB8094F74AC}.Release|Any CPU.Build.0 = Release|Any CPU
		{BEB958BD-DA22-4597-B492-4F943328CBB0}.Debug|Any CPU.ActiveCfg = Debug|Any CPU
		{BEB958BD-DA22-4597-B492-4F943328CBB0}.Debug|Any CPU.Build.0 = Debug|Any CPU
		{BEB958BD-DA22-4597-B492-4F943328CBB0}.Release|Any CPU.ActiveCfg = Release|Any CPU
		{BEB958BD-DA22-4597-B492-4F943328CBB0}.Release|Any CPU.Build.0 = Release|Any CPU
		{C5A20185-136F-45B0-81C4-84102D3F2A80}.Debug|Any CPU.ActiveCfg = Debug|Any CPU
		{C5A20185-136F-45B0-81C4-84102D3F2A80}.Debug|Any CPU.Build.0 = Debug|Any CPU
		{C5A20185-136F-45B0-81C4-84102D3F2A80}.Release|Any CPU.ActiveCfg = Release|Any CPU
		{C5A20185-136F-45B0-81C4-84102D3F2A80}.Release|Any CPU.Build.0 = Release|Any CPU
		{AA29FF8E-8EC1-4EA7-BA82-C5210272EFD2}.Debug|Any CPU.ActiveCfg = Debug|Any CPU
		{AA29FF8E-8EC1-4EA7-BA82-C5210272EFD2}.Debug|Any CPU.Build.0 = Debug|Any CPU
		{AA29FF8E-8EC1-4EA7-BA82-C5210272EFD2}.Release|Any CPU.ActiveCfg = Release|Any CPU
		{AA29FF8E-8EC1-4EA7-BA82-C5210272EFD2}.Release|Any CPU.Build.0 = Release|Any CPU
	EndGlobalSection
	GlobalSection(SolutionProperties) = preSolution
		HideSolutionNode = FALSE
	EndGlobalSection
EndGlobal
